
Microsoft Visual Studio Solution File, Format Version 12.00
Project("{FAE04EC0-301F-11D3-BF4B-00C04F79EFBC}") = "Shop", "Shop.csproj", "{43D07E5D-95D9-4BA7-BF3D-28D900298C4B}"
EndProject
Global
	GlobalSection(SolutionConfigurationPlatforms) = preSolution
		Debug|Any CPU = Debug|Any CPU
		Release|Any CPU = Release|Any CPU
	EndGlobalSection
	GlobalSection(ProjectConfigurationPlatforms) = postSolution
		{43D07E5D-95D9-4BA7-BF3D-28D900298C4B}.Debug|Any CPU.ActiveCfg = Debug|Any CPU
		{43D07E5D-95D9-4BA7-BF3D-28D900298C4B}.Debug|Any CPU.Build.0 = Debug|Any CPU
		{43D07E5D-95D9-4BA7-BF3D-28D900298C4B}.Release|Any CPU.ActiveCfg = Release|Any CPU
		{43D07E5D-95D9-4BA7-BF3D-28D900298C4B}.Release|Any CPU.Build.0 = Release|Any CPU
	EndGlobalSection
EndGlobal
